
Microsoft Visual Studio Solution File, Format Version 12.00
# Visual Studio 15
VisualStudioVersion = 15.0.27130.2010
MinimumVisualStudioVersion = 10.0.40219.1
Project("{8BC9CEB8-8B4A-11D0-8D11-00A0C91BC942}") = "AtCoder_Beginner_057_A", "AtCoder_Beginner_057_A\AtCoder_Beginner_057_A.vcxproj", "{BA182E6F-3737-4CE1-B773-2FD74A9E2E42}"
EndProject
Global
	GlobalSection(SolutionConfigurationPlatforms) = preSolution
		Debug|x64 = Debug|x64
		Debug|x86 = Debug|x86
		Release|x64 = Release|x64
		Release|x86 = Release|x86
	EndGlobalSection
	GlobalSection(ProjectConfigurationPlatforms) = postSolution
		{BA182E6F-3737-4CE1-B773-2FD74A9E2E42}.Debug|x64.ActiveCfg = Debug|x64
		{BA182E6F-3737-4CE1-B773-2FD74A9E2E42}.Debug|x64.Build.0 = Debug|x64
		{BA182E6F-3737-4CE1-B773-2FD74A9E2E42}.Debug|x86.ActiveCfg = Debug|Win32
		{BA182E6F-3737-4CE1-B773-2FD74A9E2E42}.Debug|x86.Build.0 = Debug|Win32
		{BA182E6F-3737-4CE1-B773-2FD74A9E2E42}.Release|x64.ActiveCfg = Release|x64
		{BA182E6F-3737-4CE1-B773-2FD74A9E2E42}.Release|x64.Build.0 = Release|x64
		{BA182E6F-3737-4CE1-B773-2FD74A9E2E42}.Release|x86.ActiveCfg = Release|Win32
		{BA182E6F-3737-4CE1-B773-2FD74A9E2E42}.Release|x86.Build.0 = Release|Win32
	EndGlobalSection
	GlobalSection(SolutionProperties) = preSolution
		HideSolutionNode = FALSE
	EndGlobalSection
	GlobalSection(ExtensibilityGlobals) = postSolution
		SolutionGuid = {7BA76F7E-4367-497A-A594-E55243354325}
	EndGlobalSection
EndGlobal
